
Microsoft Visual Studio Solution File, Format Version 12.00
# Visual Studio Version 17
VisualStudioVersion = 17.10.35013.160
MinimumVisualStudioVersion = 10.0.40219.1
Project("{FAE04EC0-301F-11D3-BF4B-00C04F79EFBC}") = "GradeCalculatorApp", "GradeCalculatorApp.csproj", "{37CEB1E5-338E-45A4-A797-70B876E2EFD2}"
EndProject
Global
	GlobalSection(SolutionConfigurationPlatforms) = preSolution
		Debug|Any CPU = Debug|Any CPU
		Release|Any CPU = Release|Any CPU
	EndGlobalSection
	GlobalSection(ProjectConfigurationPlatforms) = postSolution
		{37CEB1E5-338E-45A4-A797-70B876E2EFD2}.Debug|Any CPU.ActiveCfg = Debug|Any CPU
		{37CEB1E5-338E-45A4-A797-70B876E2EFD2}.Debug|Any CPU.Build.0 = Debug|Any CPU
		{37CEB1E5-338E-45A4-A797-70B876E2EFD2}.Release|Any CPU.ActiveCfg = Release|Any CPU
		{37CEB1E5-338E-45A4-A797-70B876E2EFD2}.Release|Any CPU.Build.0 = Release|Any CPU
	EndGlobalSection
	GlobalSection(SolutionProperties) = preSolution
		HideSolutionNode = FALSE
	EndGlobalSection
	GlobalSection(ExtensibilityGlobals) = postSolution
		SolutionGuid = {08019870-DA77-4A8E-8512-CBC30B5C5492}
	EndGlobalSection
EndGlobal
